
Microsoft Visual Studio Solution File, Format Version 12.00
# Visual Studio Version 16
VisualStudioVersion = 16.0.29201.188
MinimumVisualStudioVersion = 10.0.40219.1
Project("{FAE04EC0-301F-11D3-BF4B-00C04F79EFBC}") = "BonusLab_IComparable", "BonusLab_IComparable.csproj", "{0BA1FE37-F04C-4EE9-AD46-8064CCA25514}"
EndProject
Project("{FAE04EC0-301F-11D3-BF4B-00C04F79EFBC}") = "BonusLab_IComparableTest", "..\BonusLab_IComparableTest\BonusLab_IComparableTest.csproj", "{820CAB64-CACA-4530-A7B2-8104FE03FBC5}"
EndProject
Global
	GlobalSection(SolutionConfigurationPlatforms) = preSolution
		Debug|Any CPU = Debug|Any CPU
		Release|Any CPU = Release|Any CPU
	EndGlobalSection
	GlobalSection(ProjectConfigurationPlatforms) = postSolution
		{0BA1FE37-F04C-4EE9-AD46-8064CCA25514}.Debug|Any CPU.ActiveCfg = Debug|Any CPU
		{0BA1FE37-F04C-4EE9-AD46-8064CCA25514}.Debug|Any CPU.Build.0 = Debug|Any CPU
		{0BA1FE37-F04C-4EE9-AD46-8064CCA25514}.Release|Any CPU.ActiveCfg = Release|Any CPU
		{0BA1FE37-F04C-4EE9-AD46-8064CCA25514}.Release|Any CPU.Build.0 = Release|Any CPU
		{820CAB64-CACA-4530-A7B2-8104FE03FBC5}.Debug|Any CPU.ActiveCfg = Debug|Any CPU
		{820CAB64-CACA-4530-A7B2-8104FE03FBC5}.Debug|Any CPU.Build.0 = Debug|Any CPU
		{820CAB64-CACA-4530-A7B2-8104FE03FBC5}.Release|Any CPU.ActiveCfg = Release|Any CPU
		{820CAB64-CACA-4530-A7B2-8104FE03FBC5}.Release|Any CPU.Build.0 = Release|Any CPU
	EndGlobalSection
	GlobalSection(SolutionProperties) = preSolution
		HideSolutionNode = FALSE
	EndGlobalSection
	GlobalSection(ExtensibilityGlobals) = postSolution
		SolutionGuid = {930270E1-771E-47B0-829E-1B91F1EC7D00}
	EndGlobalSection
EndGlobal
